
Microsoft Visual Studio Solution File, Format Version 12.00
Project("{FAE04EC0-301F-11D3-BF4B-00C04F79EFBC}") = "AplicativoMaui", "AplicativoMaui\AplicativoMaui.csproj", "{9F44CD79-9371-4E0E-8743-D914E46EE320}"
EndProject
Global
	GlobalSection(SolutionConfigurationPlatforms) = preSolution
		Debug|Any CPU = Debug|Any CPU
		Release|Any CPU = Release|Any CPU
	EndGlobalSection
	GlobalSection(ProjectConfigurationPlatforms) = postSolution
		{9F44CD79-9371-4E0E-8743-D914E46EE320}.Debug|Any CPU.ActiveCfg = Debug|Any CPU
		{9F44CD79-9371-4E0E-8743-D914E46EE320}.Debug|Any CPU.Build.0 = Debug|Any CPU
		{9F44CD79-9371-4E0E-8743-D914E46EE320}.Release|Any CPU.ActiveCfg = Release|Any CPU
		{9F44CD79-9371-4E0E-8743-D914E46EE320}.Release|Any CPU.Build.0 = Release|Any CPU
	EndGlobalSection
EndGlobal
